{
  "object": {
    "pins": [
      {
        "package": "CocoaAsyncSocket",
        "repositoryURL": "https://github.com/robbiehanson/CocoaAsyncSocket",
        "state": {
          "branch": null,
          "revision": "dbdc00669c1ced63b27c3c5f052ee4d28f10150c",
          "version": "7.6.5"
        }
      },
      {
        "package": "CoreOSC",
        "repositoryURL": "https://github.com/sammysmallman/CoreOSC",
        "state": {
          "branch": null,
          "revision": "9a8524b3822002e3536528b77008e01a59c2b224",
          "version": "1.0.0"
        }
      },
      {
        "package": "NetUtils",
        "repositoryURL": "https://github.com/svdo/swift-netutils",
        "state": {
          "branch": null,
          "revision": "776909ce0b37bd9ea1fa0f2156e4e5ad07a592b8",
          "version": "4.2.0"
        }
      }
    ]
  },
  "version": 1
}
